<Solution>
  <Folder Name="/Task0/">
    <Project Path="Tyuiu.ShteltzAV.Sprint1.Task0.V17.Lib/Tyuiu.ShteltzAV.Sprint1.Task0.V17.Lib.csproj" />
    <Project Path="Tyuiu.ShteltzAV.Sprint1.Task0.V17.Test/Tyuiu.ShteltzAV.Sprint1.Task0.V17.Test.csproj" />
    <Project Path="Tyuiu.ShteltzAV.Sprint1.Task0.V17/Tyuiu.ShteltzAV.Sprint1.Task0.V17.csproj" />
  </Folder>
  <Folder Name="/Task1/">
    <Project Path="Tyuiu.ShteltzAV.Sprint1.Task1.V23.Lib/Tyuiu.ShteltzAV.Sprint1.Task1.V23.Lib.csproj" Id="32d132ca-8999-4222-ae9f-fe9bc8e49823" />
    <Project Path="Tyuiu.ShteltzAV.Sprint1.Task1.V23.Test/Tyuiu.ShteltzAV.Sprint1.Task1.V23.Test.csproj" Id="09b5e9d0-72a2-4b91-84fd-da4df551f316" />
    <Project Path="Tyuiu.ShteltzAV.Sprint1.Task1.V23/Tyuiu.ShteltzAV.Sprint1.Task1.V23.csproj" Id="d532b9f9-95b2-44e2-a226-d70bb68b403c" />
  </Folder>
  <Folder Name="/Task2/">
    <Project Path="Tyuiu.ShteltzAV.Sprint1.Task2.V11.Lib/Tyuiu.ShteltzAV.Sprint1.Task2.V11.Lib.csproj" Id="3e5f56c4-96b7-4686-b239-ee7c0484aaf1" />
    <Project Path="Tyuiu.ShteltzAV.Sprint1.Task2.V11.Test/Tyuiu.ShteltzAV.Sprint1.Task2.V11.Test.csproj" Id="66e68532-10b2-400f-b2e5-6cce595c0e97" />
    <Project Path="Tyuiu.ShteltzAV.Sprint1.Task2.V11/Tyuiu.ShteltzAV.Sprint1.Task2.V11.csproj" Id="9449f243-3c91-46ed-83b6-412779fca3c7" />
  </Folder>
  <Folder Name="/Task3/">
    <Project Path="Tyuiu.ShteltzAV.Sprint1.Task3.V19.Lib/Tyuiu.ShteltzAV.Sprint1.Task3.V19.Lib.csproj" Id="f9948718-0691-4a4d-8aca-6dd8c4e5ef3d" />
    <Project Path="Tyuiu.ShteltzAV.Sprint1.Task3.V19.Test/Tyuiu.ShteltzAV.Sprint1.Task3.V19.Test.csproj" Id="5304095a-f8fe-4f02-8c57-648ff674fca9" />
    <Project Path="Tyuiu.ShteltzAV.Sprint1.Task3.V19/Tyuiu.ShteltzAV.Sprint1.Task3.V19.csproj" Id="f6ca1cca-966c-48c4-a5fa-5408b72c35b6" />
  </Folder>
</Solution>
