<Solution>
  <Folder Name="/Task0/">
    <Project Path="Tyuiu.ShteltzAV.Sprint1.Task0.V17.Lib/Tyuiu.ShteltzAV.Sprint1.Task0.V17.Lib.csproj" />
    <Project Path="Tyuiu.ShteltzAV.Sprint1.Task0.V17.Test/Tyuiu.ShteltzAV.Sprint1.Task0.V17.Test.csproj" />
    <Project Path="Tyuiu.ShteltzAV.Sprint1.Task0.V17/Tyuiu.ShteltzAV.Sprint1.Task0.V17.csproj" />
  </Folder>
  <Folder Name="/Task1/">
    <Project Path="Tyuiu.ShteltzAV.Sprint1.Task1.V23.Lib/Tyuiu.ShteltzAV.Sprint1.Task1.V23.Lib.csproj" Id="32d132ca-8999-4222-ae9f-fe9bc8e49823" />
    <Project Path="Tyuiu.ShteltzAV.Sprint1.Task1.V23.Test/Tyuiu.ShteltzAV.Sprint1.Task1.V23.Test.csproj" Id="09b5e9d0-72a2-4b91-84fd-da4df551f316" />
    <Project Path="Tyuiu.ShteltzAV.Sprint1.Task1.V23/Tyuiu.ShteltzAV.Sprint1.Task1.V23.csproj" Id="d532b9f9-95b2-44e2-a226-d70bb68b403c" />
  </Folder>
  <Folder Name="/Task2/">
    <Project Path="Tyuiu.ShteltzAV.Sprint1.Task2.V11.Lib/Tyuiu.ShteltzAV.Sprint1.Task2.V11.Lib.csproj" Id="3e5f56c4-96b7-4686-b239-ee7c0484aaf1" />
    <Project Path="Tyuiu.ShteltzAV.Sprint1.Task2.V11.Test/Tyuiu.ShteltzAV.Sprint1.Task2.V11.Test.csproj" Id="66e68532-10b2-400f-b2e5-6cce595c0e97" />
    <Project Path="Tyuiu.ShteltzAV.Sprint1.Task2.V11/Tyuiu.ShteltzAV.Sprint1.Task2.V11.csproj" Id="9449f243-3c91-46ed-83b6-412779fca3c7" />
  </Folder>
  <Folder Name="/Task3/">
    <Project Path="Tyuiu.ShteltzAV.Sprint1.Task3.V19.Lib/Tyuiu.ShteltzAV.Sprint1.Task3.V19.Lib.csproj" Id="f9948718-0691-4a4d-8aca-6dd8c4e5ef3d" />
    <Project Path="Tyuiu.ShteltzAV.Sprint1.Task3.V19.Test/Tyuiu.ShteltzAV.Sprint1.Task3.V19.Test.csproj" Id="5304095a-f8fe-4f02-8c57-648ff674fca9" />
    <Project Path="Tyuiu.ShteltzAV.Sprint1.Task3.V19/Tyuiu.ShteltzAV.Sprint1.Task3.V19.csproj" Id="f6ca1cca-966c-48c4-a5fa-5408b72c35b6" />
  </Folder>
  <Folder Name="/Task4/">
    <Project Path="Tyuiu.ShteltzAV.Sprint1.Task4.V2.Lib/Tyuiu.ShteltzAV.Sprint1.Task4.V2.Lib.csproj" Id="79ac0211-3bc0-4612-9336-d0ce9758460d" />
    <Project Path="Tyuiu.ShteltzAV.Sprint1.Task4.V2.Test/Tyuiu.ShteltzAV.Sprint1.Task4.V2.Test.csproj" Id="d30ec1f3-3018-47b3-99d8-726736396ff2" />
    <Project Path="Tyuiu.ShteltzAV.Sprint1.Task4.V2/Tyuiu.ShteltzAV.Sprint1.Task4.V2.csproj" Id="f61ce6a7-9a50-4ea0-9b36-97a4967e537f" />
  </Folder>
  <Folder Name="/Task5/">
    <Project Path="Tyuiu.ShteltzAV.Sprint1.Task5.V1.Lib/Tyuiu.ShteltzAV.Sprint1.Task5.V1.Lib.csproj" Id="354e9f4a-6ef4-4643-892c-8e7641b87832" />
    <Project Path="Tyuiu.ShteltzAV.Sprint1.Task5.V1.Test/Tyuiu.ShteltzAV.Sprint1.Task5.V1.Test.csproj" Id="3bc17cfa-37a4-4e06-9f00-d6dd106c83dd" />
    <Project Path="Tyuiu.ShteltzAV.Sprint1.Task5.V1/Tyuiu.ShteltzAV.Sprint1.Task5.V1.csproj" Id="686b1767-fa17-4f3c-a15a-a22b7e266e67" />
  </Folder>
  <Folder Name="/Task6/">
    <Project Path="Tyuiu.ShteltzAV.Sprint1.Task6.V17.Lib/Tyuiu.ShteltzAV.Sprint1.Task6.V17.Lib.csproj" Id="2196c460-0f96-4d35-961f-2766a07df2f7" />
    <Project Path="Tyuiu.ShteltzAV.Sprint1.Task6.V17.Test/Tyuiu.ShteltzAV.Sprint1.Task6.V17.Test.csproj" Id="f847cdc4-b9fe-4f3e-879f-eb2403d35130" />
    <Project Path="Tyuiu.ShteltzAV.Sprint1.Task6.V17/Tyuiu.ShteltzAV.Sprint1.Task6.V17.csproj" Id="acd9b40d-a2f5-4471-b27c-35cd083b7ebe" />
  </Folder>
</Solution>
